
Microsoft Visual Studio Solution File, Format Version 12.00
# Visual Studio Version 17
VisualStudioVersion = 17.0.31903.59
MinimumVisualStudioVersion = 10.0.40219.1
Project("{F2A71F9B-5D33-465A-A702-920D77279786}") = "protoc-gen-fsgrpc", "protoc-gen-fsgrpc\protoc-gen-fsgrpc.fsproj", "{3C9AD461-4B9A-4FAD-A6D4-54BCDDE64ABE}"
EndProject
Global
	GlobalSection(SolutionConfigurationPlatforms) = preSolution
		Debug|Any CPU = Debug|Any CPU
		Release|Any CPU = Release|Any CPU
	EndGlobalSection
	GlobalSection(SolutionProperties) = preSolution
		HideSolutionNode = FALSE
	EndGlobalSection
	GlobalSection(ProjectConfigurationPlatforms) = postSolution
		{3C9AD461-4B9A-4FAD-A6D4-54BCDDE64ABE}.Debug|Any CPU.ActiveCfg = Debug|Any CPU
		{3C9AD461-4B9A-4FAD-A6D4-54BCDDE64ABE}.Debug|Any CPU.Build.0 = Debug|Any CPU
		{3C9AD461-4B9A-4FAD-A6D4-54BCDDE64ABE}.Release|Any CPU.ActiveCfg = Release|Any CPU
		{3C9AD461-4B9A-4FAD-A6D4-54BCDDE64ABE}.Release|Any CPU.Build.0 = Release|Any CPU
	EndGlobalSection
EndGlobal
